lockfileVersion: '9.0'

settings:
  autoInstallPeers: true
  excludeLinksFromLockfile: false

importers:

  .:
    dependencies:
      '@tauri-apps/plugin-shell':
        specifier: ~2.3.3
        version: 2.3.3
    devDependencies:
      '@tauri-apps/cli':
        specifier: ^2.9.6
        version: 2.9.6

packages:

  '@tauri-apps/api@2.9.1':
    resolution: {integrity: sha512-IGlhP6EivjXHepbBic618GOmiWe4URJiIeZFlB7x3czM0yDHHYviH1Xvoiv4FefdkQtn6v7TuwWCRfOGdnVUGw==}

  '@tauri-apps/cli-darwin-arm64@2.9.6':
    resolution: {integrity: sha512-gf5no6N9FCk1qMrti4lfwP77JHP5haASZgVbBgpZG7BUepB3fhiLCXGUK8LvuOjP36HivXewjg72LTnPDScnQQ==}
    engines: {node: '>= 10'}
    cpu: [arm64]
    os: [darwin]

  '@tauri-apps/cli-darwin-x64@2.9.6':
    resolution: {integrity: sha512-oWh74WmqbERwwrwcueJyY6HYhgCksUc6NT7WKeXyrlY/FPmNgdyQAgcLuTSkhRFuQ6zh4Np1HZpOqCTpeZBDcw==}
    engines: {node: '>= 10'}
    cpu: [x64]
    os: [darwin]

  '@tauri-apps/cli-linux-arm-gnueabihf@2.9.6':
    resolution: {integrity: sha512-/zde3bFroFsNXOHN204DC2qUxAcAanUjVXXSdEGmhwMUZeAQalNj5cz2Qli2elsRjKN/hVbZOJj0gQ5zaYUjSg==}
    engines: {node: '>= 10'}
    cpu: [arm]
    os: [linux]

  '@tauri-apps/cli-linux-arm64-gnu@2.9.6':
    resolution: {integrity: sha512-pvbljdhp9VOo4RnID5ywSxgBs7qiylTPlK56cTk7InR3kYSTJKYMqv/4Q/4rGo/mG8cVppesKIeBMH42fw6wjg==}
    engines: {node: '>= 10'}
    cpu: [arm64]
    os: [linux]

  '@tauri-apps/cli-linux-arm64-musl@2.9.6':
    resolution: {integrity: sha512-02TKUndpodXBCR0oP//6dZWGYcc22Upf2eP27NvC6z0DIqvkBBFziQUcvi2n6SrwTRL0yGgQjkm9K5NIn8s6jw==}
    engines: {node: '>= 10'}
    cpu: [arm64]
    os: [linux]

  '@tauri-apps/cli-linux-riscv64-gnu@2.9.6':
    resolution: {integrity: sha512-fmp1hnulbqzl1GkXl4aTX9fV+ubHw2LqlLH1PE3BxZ11EQk+l/TmiEongjnxF0ie4kV8DQfDNJ1KGiIdWe1GvQ==}
    engines: {node: '>= 10'}
    cpu: [riscv64]
    os: [linux]

  '@tauri-apps/cli-linux-x64-gnu@2.9.6':
    resolution: {integrity: sha512-vY0le8ad2KaV1PJr+jCd8fUF9VOjwwQP/uBuTJvhvKTloEwxYA/kAjKK9OpIslGA9m/zcnSo74czI6bBrm2sYA==}
    engines: {node: '>= 10'}
    cpu: [x64]
    os: [linux]

  '@tauri-apps/cli-linux-x64-musl@2.9.6':
    resolution: {integrity: sha512-TOEuB8YCFZTWVDzsO2yW0+zGcoMiPPwcUgdnW1ODnmgfwccpnihDRoks+ABT1e3fHb1ol8QQWsHSCovb3o2ENQ==}
    engines: {node: '>= 10'}
    cpu: [x64]
    os: [linux]

  '@tauri-apps/cli-win32-arm64-msvc@2.9.6':
    resolution: {integrity: sha512-ujmDGMRc4qRLAnj8nNG26Rlz9klJ0I0jmZs2BPpmNNf0gM/rcVHhqbEkAaHPTBVIrtUdf7bGvQAD2pyIiUrBHQ==}
    engines: {node: '>= 10'}
    cpu: [arm64]
    os: [win32]

  '@tauri-apps/cli-win32-ia32-msvc@2.9.6':
    resolution: {integrity: sha512-S4pT0yAJgFX8QRCyKA1iKjZ9Q/oPjCZf66A/VlG5Yw54Nnr88J1uBpmenINbXxzyhduWrIXBaUbEY1K80ZbpMg==}
    engines: {node: '>= 10'}
    cpu: [ia32]
    os: [win32]

  '@tauri-apps/cli-win32-x64-msvc@2.9.6':
    resolution: {integrity: sha512-ldWuWSSkWbKOPjQMJoYVj9wLHcOniv7diyI5UAJ4XsBdtaFB0pKHQsqw/ItUma0VXGC7vB4E9fZjivmxur60aw==}
    engines: {node: '>= 10'}
    cpu: [x64]
    os: [win32]

  '@tauri-apps/cli@2.9.6':
    resolution: {integrity: sha512-3xDdXL5omQ3sPfBfdC8fCtDKcnyV7OqyzQgfyT5P3+zY6lcPqIYKQBvUasNvppi21RSdfhy44ttvJmftb0PCDw==}
    engines: {node: '>= 10'}
    hasBin: true

  '@tauri-apps/plugin-shell@2.3.3':
    resolution: {integrity: sha512-Xod+pRcFxmOWFWEnqH5yZcA7qwAMuaaDkMR1Sply+F8VfBj++CGnj2xf5UoialmjZ2Cvd8qrvSCbU+7GgNVsKQ==}

snapshots:

  '@tauri-apps/api@2.9.1': {}

  '@tauri-apps/cli-darwin-arm64@2.9.6':
    optional: true

  '@tauri-apps/cli-darwin-x64@2.9.6':
    optional: true

  '@tauri-apps/cli-linux-arm-gnueabihf@2.9.6':
    optional: true

  '@tauri-apps/cli-linux-arm64-gnu@2.9.6':
    optional: true

  '@tauri-apps/cli-linux-arm64-musl@2.9.6':
    optional: true

  '@tauri-apps/cli-linux-riscv64-gnu@2.9.6':
    optional: true

  '@tauri-apps/cli-linux-x64-gnu@2.9.6':
    optional: true

  '@tauri-apps/cli-linux-x64-musl@2.9.6':
    optional: true

  '@tauri-apps/cli-win32-arm64-msvc@2.9.6':
    optional: true

  '@tauri-apps/cli-win32-ia32-msvc@2.9.6':
    optional: true

  '@tauri-apps/cli-win32-x64-msvc@2.9.6':
    optional: true

  '@tauri-apps/cli@2.9.6':
    optionalDependencies:
      '@tauri-apps/cli-darwin-arm64': 2.9.6
      '@tauri-apps/cli-darwin-x64': 2.9.6
      '@tauri-apps/cli-linux-arm-gnueabihf': 2.9.6
      '@tauri-apps/cli-linux-arm64-gnu': 2.9.6
      '@tauri-apps/cli-linux-arm64-musl': 2.9.6
      '@tauri-apps/cli-linux-riscv64-gnu': 2.9.6
      '@tauri-apps/cli-linux-x64-gnu': 2.9.6
      '@tauri-apps/cli-linux-x64-musl': 2.9.6
      '@tauri-apps/cli-win32-arm64-msvc': 2.9.6
      '@tauri-apps/cli-win32-ia32-msvc': 2.9.6
      '@tauri-apps/cli-win32-x64-msvc': 2.9.6

  '@tauri-apps/plugin-shell@2.3.3':
    dependencies:
      '@tauri-apps/api': 2.9.1
